
Microsoft Visual Studio Solution File, Format Version 12.00
# Visual Studio Version 17
VisualStudioVersion = 17.11.35327.3
MinimumVisualStudioVersion = 10.0.40219.1
Project("{8BC9CEB8-8B4A-11D0-8D11-00A0C91BC942}") = "Code Cours", "Code Cours.vcxproj", "{AF7E77D9-AD2A-48F7-8DA7-B9A95B99AFDF}"
EndProject
Project("{8BC9CEB8-8B4A-11D0-8D11-00A0C91BC942}") = "Cave_Generation", "..\Cave_Generation\Cave_Generation.vcxproj", "{26E460D3-A2BC-44C3-9AC6-19B7DB333BFE}"
EndProject
Global
	GlobalSection(SolutionConfigurationPlatforms) = preSolution
		Debug|x64 = Debug|x64
		Debug|x86 = Debug|x86
		Release|x64 = Release|x64
		Release|x86 = Release|x86
	EndGlobalSection
	GlobalSection(ProjectConfigurationPlatforms) = postSolution
		{AF7E77D9-AD2A-48F7-8DA7-B9A95B99AFDF}.Debug|x64.ActiveCfg = Debug|x64
		{AF7E77D9-AD2A-48F7-8DA7-B9A95B99AFDF}.Debug|x64.Build.0 = Debug|x64
		{AF7E77D9-AD2A-48F7-8DA7-B9A95B99AFDF}.Debug|x86.ActiveCfg = Debug|Win32
		{AF7E77D9-AD2A-48F7-8DA7-B9A95B99AFDF}.Debug|x86.Build.0 = Debug|Win32
		{AF7E77D9-AD2A-48F7-8DA7-B9A95B99AFDF}.Release|x64.ActiveCfg = Release|x64
		{AF7E77D9-AD2A-48F7-8DA7-B9A95B99AFDF}.Release|x64.Build.0 = Release|x64
		{AF7E77D9-AD2A-48F7-8DA7-B9A95B99AFDF}.Release|x86.ActiveCfg = Release|Win32
		{AF7E77D9-AD2A-48F7-8DA7-B9A95B99AFDF}.Release|x86.Build.0 = Release|Win32
		{26E460D3-A2BC-44C3-9AC6-19B7DB333BFE}.Debug|x64.ActiveCfg = Debug|x64
		{26E460D3-A2BC-44C3-9AC6-19B7DB333BFE}.Debug|x64.Build.0 = Debug|x64
		{26E460D3-A2BC-44C3-9AC6-19B7DB333BFE}.Debug|x86.ActiveCfg = Debug|Win32
		{26E460D3-A2BC-44C3-9AC6-19B7DB333BFE}.Debug|x86.Build.0 = Debug|Win32
		{26E460D3-A2BC-44C3-9AC6-19B7DB333BFE}.Release|x64.ActiveCfg = Release|x64
		{26E460D3-A2BC-44C3-9AC6-19B7DB333BFE}.Release|x64.Build.0 = Release|x64
		{26E460D3-A2BC-44C3-9AC6-19B7DB333BFE}.Release|x86.ActiveCfg = Release|Win32
		{26E460D3-A2BC-44C3-9AC6-19B7DB333BFE}.Release|x86.Build.0 = Release|Win32
	EndGlobalSection
	GlobalSection(SolutionProperties) = preSolution
		HideSolutionNode = FALSE
	EndGlobalSection
	GlobalSection(ExtensibilityGlobals) = postSolution
		SolutionGuid = {E53CDFC5-31E6-438B-BA35-F9460BEFDF2E}
	EndGlobalSection
EndGlobal
